<?xml version="1.0" encoding="utf-8"?>
<Project ToolsVersion="4.0" xmlns="http://schemas.microsoft.com/developer/msbuild/2003">
  <ItemGroup>
    <Filter Include="소스 파일">
      <UniqueIdentifier>{4FC737F1-C7A5-4376-A066-2A32D752A2FF}</UniqueIdentifier>
      <Extensions>cpp;c;cc;cxx;def;odl;idl;hpj;bat;asm;asmx</Extensions>
    </Filter>
    <Filter Include="헤더 파일">
      <UniqueIdentifier>{93995380-89BD-4b04-88EB-625FBE52EBFB}</UniqueIdentifier>
      <Extensions>h;hh;hpp;hxx;hm;inl;inc;xsd</Extensions>
    </Filter>
    <Filter Include="리소스 파일">
      <UniqueIdentifier>{67DA6AB6-F800-4c08-8B7A-83BB121AAD01}</UniqueIdentifier>
      <Extensions>rc;ico;cur;bmp;dlg;rc2;rct;bin;rgs;gif;jpg;jpeg;jpe;resx;tiff;tif;png;wav;mfcribbon-ms</Extensions>
    </Filter>
    <Filter Include="Manager">
      <UniqueIdentifier>{e5ff3fc8-2992-416e-ad4c-2fb379b80282}</UniqueIdentifier>
    </Filter>
    <Filter Include="Manager\01.Editor">
      <UniqueIdentifier>{fbda26a1-0f45-4554-b4cd-49f8f31f10c2}</UniqueIdentifier>
    </Filter>
    <Filter Include="Manager\02.Line">
      <UniqueIdentifier>{e38a0aad-303a-4326-bbdc-7cf29409748e}</UniqueIdentifier>
    </Filter>
    <Filter Include="Manager\03.Scroll">
      <UniqueIdentifier>{f7af1bad-32aa-498d-b3ce-0c17831e5efd}</UniqueIdentifier>
    </Filter>
    <Filter Include="Manager\04.Key">
      <UniqueIdentifier>{844e9b23-819f-4420-8ec6-803c76ca9c99}</UniqueIdentifier>
    </Filter>
    <Filter Include="Manager\05.SaveLoad">
      <UniqueIdentifier>{76e92e57-8144-44c7-90dd-1bc2dee67fd9}</UniqueIdentifier>
    </Filter>
    <Filter Include="Manager\06.Bitmap">
      <UniqueIdentifier>{1518938b-bf6c-4938-b0e4-1467eb33d44f}</UniqueIdentifier>
    </Filter>
    <Filter Include="Manager\05.SaveLoad\Load">
      <UniqueIdentifier>{efb409e8-542d-4aea-baaf-b16c9b4dc84b}</UniqueIdentifier>
    </Filter>
    <Filter Include="Manager\05.SaveLoad\Save">
      <UniqueIdentifier>{d70e97af-3638-45a9-9ad7-ffb88a8ed4fe}</UniqueIdentifier>
    </Filter>
    <Filter Include="Manager\06.Scene">
      <UniqueIdentifier>{9d8aefea-0ec4-4ac8-81b0-7feffee22dee}</UniqueIdentifier>
    </Filter>
    <Filter Include="Manager\06.Scene\Manager">
      <UniqueIdentifier>{2af1c773-2fff-421f-bbae-6a5b11a8fdea}</UniqueIdentifier>
    </Filter>
    <Filter Include="Manager\06.Scene\Button">
      <UniqueIdentifier>{c8221eb2-ff21-4636-8de2-fe98cdbcc3d2}</UniqueIdentifier>
    </Filter>
    <Filter Include="Manager\06.Scene\Kerning_City">
      <UniqueIdentifier>{47c35a86-b7c9-4a07-87f7-34b4de2a0c2d}</UniqueIdentifier>
    </Filter>
    <Filter Include="Manager\06.Scene\Field1">
      <UniqueIdentifier>{06140cb9-54b7-4bbf-b6c0-b1d684bc66af}</UniqueIdentifier>
    </Filter>
    <Filter Include="Manager\06.Scene\Boss">
      <UniqueIdentifier>{40336d1f-69de-42d3-b435-84ab183ecfac}</UniqueIdentifier>
    </Filter>
    <Filter Include="Manager\06.Scene\Menu">
      <UniqueIdentifier>{0da8e32e-f875-4c92-9e55-29c6e854036b}</UniqueIdentifier>
    </Filter>
  </ItemGroup>
  <ItemGroup>
    <Text Include="ReadMe.txt" />
  </ItemGroup>
  <ItemGroup>
    <ClInclude Include="stdafx.h">
      <Filter>헤더 파일</Filter>
    </ClInclude>
    <ClInclude Include="targetver.h">
      <Filter>헤더 파일</Filter>
    </ClInclude>
    <ClInclude Include="Resource.h">
      <Filter>헤더 파일</Filter>
    </ClInclude>
    <ClInclude Include="LineTool.h">
      <Filter>헤더 파일</Filter>
    </ClInclude>
    <ClInclude Include="Tool_Editor_Manager.h">
      <Filter>Manager\01.Editor</Filter>
    </ClInclude>
    <ClInclude Include="Tool_Scroll_Manager.h">
      <Filter>Manager\03.Scroll</Filter>
    </ClInclude>
    <ClInclude Include="Tool_Line_Manager.h">
      <Filter>Manager\02.Line</Filter>
    </ClInclude>
    <ClInclude Include="Tool_Key_Manager.h">
      <Filter>Manager\04.Key</Filter>
    </ClInclude>
    <ClInclude Include="Tool_LoadData.h">
      <Filter>Manager\05.SaveLoad\Load</Filter>
    </ClInclude>
    <ClInclude Include="Tool_SaveData.h">
      <Filter>Manager\05.SaveLoad\Save</Filter>
    </ClInclude>
    <ClInclude Include="Tool_Bitmap_Manager.h">
      <Filter>Manager\06.Bitmap</Filter>
    </ClInclude>
    <ClInclude Include="Tool_MyBitmap.h">
      <Filter>Manager\06.Bitmap</Filter>
    </ClInclude>
    <ClInclude Include="Tool_Line.h">
      <Filter>헤더 파일</Filter>
    </ClInclude>
    <ClInclude Include="Scene.h">
      <Filter>Manager\06.Scene</Filter>
    </ClInclude>
    <ClInclude Include="MyButton.h">
      <Filter>Manager\06.Scene\Button</Filter>
    </ClInclude>
    <ClInclude Include="Kerning_City.h">
      <Filter>Manager\06.Scene\Kerning_City</Filter>
    </ClInclude>
    <ClInclude Include="MyMenu.h">
      <Filter>Manager\06.Scene\Menu</Filter>
    </ClInclude>
    <ClInclude Include="Tool_GameObject.h">
      <Filter>Manager\06.Scene\Button</Filter>
    </ClInclude>
    <ClInclude Include="Tool_GameObject_Manager.h">
      <Filter>Manager\06.Scene\Button</Filter>
    </ClInclude>
    <ClInclude Include="Tool_Scene_Manager.h">
      <Filter>Manager\06.Scene\Manager</Filter>
    </ClInclude>
    <ClInclude Include="Field1.h">
      <Filter>Manager\06.Scene\Field1</Filter>
    </ClInclude>
    <ClInclude Include="CBossMapTool.h">
      <Filter>Manager\06.Scene\Boss</Filter>
    </ClInclude>
  </ItemGroup>
  <ItemGroup>
    <ClCompile Include="stdafx.cpp">
      <Filter>소스 파일</Filter>
    </ClCompile>
    <ClCompile Include="LineTool.cpp">
      <Filter>소스 파일</Filter>
    </ClCompile>
    <ClCompile Include="Tool_Editor_Manager.cpp">
      <Filter>Manager\01.Editor</Filter>
    </ClCompile>
    <ClCompile Include="Tool_Scroll_Manager.cpp">
      <Filter>Manager\03.Scroll</Filter>
    </ClCompile>
    <ClCompile Include="Tool_Line_Manager.cpp">
      <Filter>Manager\02.Line</Filter>
    </ClCompile>
    <ClCompile Include="Tool_Key_Manager.cpp">
      <Filter>Manager\04.Key</Filter>
    </ClCompile>
    <ClCompile Include="Tool_LoadData.cpp">
      <Filter>Manager\05.SaveLoad\Load</Filter>
    </ClCompile>
    <ClCompile Include="Tool_SaveData.cpp">
      <Filter>Manager\05.SaveLoad\Save</Filter>
    </ClCompile>
    <ClCompile Include="Tool_Bitmap_Manager.cpp">
      <Filter>Manager\06.Bitmap</Filter>
    </ClCompile>
    <ClCompile Include="Tool_MyBitmap.cpp">
      <Filter>Manager\06.Bitmap</Filter>
    </ClCompile>
    <ClCompile Include="Tool_Line.cpp">
      <Filter>소스 파일</Filter>
    </ClCompile>
    <ClCompile Include="Scene.cpp">
      <Filter>Manager\06.Scene</Filter>
    </ClCompile>
    <ClCompile Include="MyButton.cpp">
      <Filter>Manager\06.Scene\Button</Filter>
    </ClCompile>
    <ClCompile Include="Kerning_City.cpp">
      <Filter>Manager\06.Scene\Kerning_City</Filter>
    </ClCompile>
    <ClCompile Include="MyMenu.cpp">
      <Filter>Manager\06.Scene\Menu</Filter>
    </ClCompile>
    <ClCompile Include="Tool_GameObject.cpp">
      <Filter>Manager\06.Scene\Button</Filter>
    </ClCompile>
    <ClCompile Include="Tool_GameObject_Manager.cpp">
      <Filter>Manager\06.Scene\Button</Filter>
    </ClCompile>
    <ClCompile Include="Tool_Scene_Manager.cpp">
      <Filter>Manager\06.Scene\Manager</Filter>
    </ClCompile>
    <ClCompile Include="Field1.cpp">
      <Filter>Manager\06.Scene\Field1</Filter>
    </ClCompile>
    <ClCompile Include="CBossMapTool.cpp">
      <Filter>Manager\06.Scene\Boss</Filter>
    </ClCompile>
  </ItemGroup>
  <ItemGroup>
    <ResourceCompile Include="LineTool.rc">
      <Filter>리소스 파일</Filter>
    </ResourceCompile>
  </ItemGroup>
  <ItemGroup>
    <Image Include="small.ico">
      <Filter>리소스 파일</Filter>
    </Image>
    <Image Include="LineTool.ico">
      <Filter>리소스 파일</Filter>
    </Image>
  </ItemGroup>
</Project>