<?xml version="1.0" encoding="utf-8"?>
<Project ToolsVersion="4.0" xmlns="http://schemas.microsoft.com/developer/msbuild/2003">
  <ItemGroup>
    <Filter Include="소스 파일">
      <UniqueIdentifier>{4FC737F1-C7A5-4376-A066-2A32D752A2FF}</UniqueIdentifier>
      <Extensions>cpp;c;cc;cxx;def;odl;idl;hpj;bat;asm;asmx</Extensions>
    </Filter>
    <Filter Include="헤더 파일">
      <UniqueIdentifier>{93995380-89BD-4b04-88EB-625FBE52EBFB}</UniqueIdentifier>
      <Extensions>h;hh;hpp;hxx;hm;inl;inc;xsd</Extensions>
    </Filter>
    <Filter Include="리소스 파일">
      <UniqueIdentifier>{67DA6AB6-F800-4c08-8B7A-83BB121AAD01}</UniqueIdentifier>
      <Extensions>rc;ico;cur;bmp;dlg;rc2;rct;bin;rgs;gif;jpg;jpeg;jpe;resx;tiff;tif;png;wav;mfcribbon-ms</Extensions>
    </Filter>
    <Filter Include="소스 파일\00.MainApp">
      <UniqueIdentifier>{ce02c1e9-5875-4a96-a984-caf07c36b8aa}</UniqueIdentifier>
    </Filter>
    <Filter Include="소스 파일\01.GameObject">
      <UniqueIdentifier>{6ce0bab1-6d75-40c5-a87b-02f2e9be2402}</UniqueIdentifier>
    </Filter>
    <Filter Include="소스 파일\02.Manager">
      <UniqueIdentifier>{afd09c66-190d-42d9-8a17-990df230c773}</UniqueIdentifier>
    </Filter>
    <Filter Include="소스 파일\03.Bitmap">
      <UniqueIdentifier>{f4615d73-925a-43db-be29-bc7310a20722}</UniqueIdentifier>
    </Filter>
    <Filter Include="소스 파일\03.Bitmap\Manager">
      <UniqueIdentifier>{b6439395-c6fd-45d4-afff-ce469c51b28c}</UniqueIdentifier>
    </Filter>
    <Filter Include="소스 파일\01.GameObject\00.Player">
      <UniqueIdentifier>{f1034598-87b1-4e81-b90b-6b97139ff0ca}</UniqueIdentifier>
    </Filter>
    <Filter Include="소스 파일\01.GameObject\01.Monster">
      <UniqueIdentifier>{45e756ee-c396-44f8-9096-1a837ca93769}</UniqueIdentifier>
    </Filter>
    <Filter Include="소스 파일\04.Line">
      <UniqueIdentifier>{97bf45ab-cd16-4010-827f-f39a425cc6e8}</UniqueIdentifier>
    </Filter>
    <Filter Include="소스 파일\02.Manager\Load">
      <UniqueIdentifier>{789b38ec-a556-4a09-aef0-43830068d2e3}</UniqueIdentifier>
    </Filter>
    <Filter Include="소스 파일\02.Manager\Key">
      <UniqueIdentifier>{59d93d17-b798-405e-8281-ae54aae44eef}</UniqueIdentifier>
    </Filter>
    <Filter Include="소스 파일\04.Line\Manager">
      <UniqueIdentifier>{f98f76b4-4f20-4f9e-8637-c67ef031934d}</UniqueIdentifier>
    </Filter>
    <Filter Include="소스 파일\05.Scene">
      <UniqueIdentifier>{a09ac772-6fc3-4388-b726-40162a2013a8}</UniqueIdentifier>
    </Filter>
    <Filter Include="소스 파일\05.Scene\Menu">
      <UniqueIdentifier>{73c0fc3d-9baf-4047-a6d4-cdb3a9fa0f81}</UniqueIdentifier>
    </Filter>
    <Filter Include="소스 파일\05.Scene\Kerning_City">
      <UniqueIdentifier>{5206a59a-9b0a-455c-99a3-7c02d8ba81a3}</UniqueIdentifier>
    </Filter>
    <Filter Include="소스 파일\05.Scene\Manager">
      <UniqueIdentifier>{3fc55d17-c743-4447-8a75-efad4b5dddf8}</UniqueIdentifier>
    </Filter>
    <Filter Include="소스 파일\02.Manager\Scroll">
      <UniqueIdentifier>{91d30710-f098-492d-9d9c-ae52a5c76212}</UniqueIdentifier>
    </Filter>
    <Filter Include="소스 파일\01.GameObject\Manager">
      <UniqueIdentifier>{9b961466-0727-4201-9239-4246b34cd215}</UniqueIdentifier>
    </Filter>
    <Filter Include="소스 파일\01.GameObject\02.Skill">
      <UniqueIdentifier>{2f5f38a8-e359-4b37-a871-27ceec60a253}</UniqueIdentifier>
    </Filter>
    <Filter Include="소스 파일\05.Scene\Map1">
      <UniqueIdentifier>{d25d0036-b699-48af-989f-ab3096b618ff}</UniqueIdentifier>
    </Filter>
    <Filter Include="소스 파일\01.GameObject\03.Portal">
      <UniqueIdentifier>{7191668a-e3b2-42a4-9d84-e0c70eaac4ac}</UniqueIdentifier>
    </Filter>
  </ItemGroup>
  <ItemGroup>
    <Text Include="ReadMe.txt" />
  </ItemGroup>
  <ItemGroup>
    <ClInclude Include="stdafx.h">
      <Filter>헤더 파일</Filter>
    </ClInclude>
    <ClInclude Include="targetver.h">
      <Filter>헤더 파일</Filter>
    </ClInclude>
    <ClInclude Include="Resource.h">
      <Filter>헤더 파일</Filter>
    </ClInclude>
    <ClInclude Include="MapleStory.h">
      <Filter>헤더 파일</Filter>
    </ClInclude>
    <ClInclude Include="MainApp.h">
      <Filter>소스 파일\00.MainApp</Filter>
    </ClInclude>
    <ClInclude Include="GameObject.h">
      <Filter>소스 파일\01.GameObject</Filter>
    </ClInclude>
    <ClInclude Include="MyBitmap.h">
      <Filter>소스 파일\03.Bitmap</Filter>
    </ClInclude>
    <ClInclude Include="Bitmap_Manager.h">
      <Filter>소스 파일\03.Bitmap\Manager</Filter>
    </ClInclude>
    <ClInclude Include="Player.h">
      <Filter>소스 파일\01.GameObject\00.Player</Filter>
    </ClInclude>
    <ClInclude Include="Monster.h">
      <Filter>소스 파일\01.GameObject\01.Monster</Filter>
    </ClInclude>
    <ClInclude Include="Line.h">
      <Filter>소스 파일\04.Line</Filter>
    </ClInclude>
    <ClInclude Include="LoadData.h">
      <Filter>소스 파일\02.Manager\Load</Filter>
    </ClInclude>
    <ClInclude Include="Key_Manager.h">
      <Filter>소스 파일\02.Manager\Key</Filter>
    </ClInclude>
    <ClInclude Include="Line_Manager.h">
      <Filter>소스 파일\04.Line\Manager</Filter>
    </ClInclude>
    <ClInclude Include="Scene.h">
      <Filter>소스 파일\05.Scene</Filter>
    </ClInclude>
    <ClInclude Include="Kerning_City.h">
      <Filter>소스 파일\05.Scene\Kerning_City</Filter>
    </ClInclude>
    <ClInclude Include="Scene_Manager.h">
      <Filter>소스 파일\05.Scene\Manager</Filter>
    </ClInclude>
    <ClInclude Include="Scroll_Manager.h">
      <Filter>소스 파일\02.Manager\Scroll</Filter>
    </ClInclude>
    <ClInclude Include="GameObject_Manager.h">
      <Filter>소스 파일\01.GameObject\Manager</Filter>
    </ClInclude>
    <ClInclude Include="Map1.h">
      <Filter>소스 파일\05.Scene\Map1</Filter>
    </ClInclude>
    <ClInclude Include="Portal.h">
      <Filter>소스 파일\01.GameObject\03.Portal</Filter>
    </ClInclude>
  </ItemGroup>
  <ItemGroup>
    <ClCompile Include="stdafx.cpp">
      <Filter>소스 파일</Filter>
    </ClCompile>
    <ClCompile Include="MapleStory.cpp">
      <Filter>소스 파일</Filter>
    </ClCompile>
    <ClCompile Include="MainApp.cpp">
      <Filter>소스 파일\00.MainApp</Filter>
    </ClCompile>
    <ClCompile Include="GameObject.cpp">
      <Filter>소스 파일\01.GameObject</Filter>
    </ClCompile>
    <ClCompile Include="MyBitmap.cpp">
      <Filter>소스 파일\03.Bitmap</Filter>
    </ClCompile>
    <ClCompile Include="Bitmap_Manager.cpp">
      <Filter>소스 파일\03.Bitmap\Manager</Filter>
    </ClCompile>
    <ClCompile Include="Player.cpp">
      <Filter>소스 파일\01.GameObject\00.Player</Filter>
    </ClCompile>
    <ClCompile Include="Monster.cpp">
      <Filter>소스 파일\01.GameObject\01.Monster</Filter>
    </ClCompile>
    <ClCompile Include="Line.cpp">
      <Filter>소스 파일\04.Line</Filter>
    </ClCompile>
    <ClCompile Include="LoadData.cpp">
      <Filter>소스 파일\02.Manager\Load</Filter>
    </ClCompile>
    <ClCompile Include="Key_Manager.cpp">
      <Filter>소스 파일\02.Manager\Key</Filter>
    </ClCompile>
    <ClCompile Include="Line_Manager.cpp">
      <Filter>소스 파일\04.Line\Manager</Filter>
    </ClCompile>
    <ClCompile Include="Scene.cpp">
      <Filter>소스 파일\05.Scene</Filter>
    </ClCompile>
    <ClCompile Include="Kerning_City.cpp">
      <Filter>소스 파일\05.Scene\Kerning_City</Filter>
    </ClCompile>
    <ClCompile Include="Scene_Manager.cpp">
      <Filter>소스 파일\05.Scene\Manager</Filter>
    </ClCompile>
    <ClCompile Include="Scroll_Manager.cpp">
      <Filter>소스 파일\02.Manager\Scroll</Filter>
    </ClCompile>
    <ClCompile Include="GameObject_Manager.cpp">
      <Filter>소스 파일\01.GameObject\Manager</Filter>
    </ClCompile>
    <ClCompile Include="Map1.cpp">
      <Filter>소스 파일\05.Scene\Map1</Filter>
    </ClCompile>
    <ClCompile Include="Portal.cpp">
      <Filter>소스 파일\01.GameObject\03.Portal</Filter>
    </ClCompile>
  </ItemGroup>
  <ItemGroup>
    <ResourceCompile Include="MapleStory.rc">
      <Filter>리소스 파일</Filter>
    </ResourceCompile>
  </ItemGroup>
  <ItemGroup>
    <Image Include="small.ico">
      <Filter>리소스 파일</Filter>
    </Image>
    <Image Include="MapleStory.ico">
      <Filter>리소스 파일</Filter>
    </Image>
  </ItemGroup>
</Project>