<?xml version="1.0" encoding="utf-8"?>
<Project ToolsVersion="4.0" xmlns="http://schemas.microsoft.com/developer/msbuild/2003">
  <ItemGroup>
    <Filter Include="소스 파일">
      <UniqueIdentifier>{4FC737F1-C7A5-4376-A066-2A32D752A2FF}</UniqueIdentifier>
      <Extensions>cpp;c;cc;cxx;def;odl;idl;hpj;bat;asm;asmx</Extensions>
    </Filter>
    <Filter Include="헤더 파일">
      <UniqueIdentifier>{93995380-89BD-4b04-88EB-625FBE52EBFB}</UniqueIdentifier>
      <Extensions>h;hh;hpp;hxx;hm;inl;inc;xsd</Extensions>
    </Filter>
    <Filter Include="리소스 파일">
      <UniqueIdentifier>{67DA6AB6-F800-4c08-8B7A-83BB121AAD01}</UniqueIdentifier>
      <Extensions>rc;ico;cur;bmp;dlg;rc2;rct;bin;rgs;gif;jpg;jpeg;jpe;resx;tiff;tif;png;wav;mfcribbon-ms</Extensions>
    </Filter>
    <Filter Include="소스 파일\00.MainApp">
      <UniqueIdentifier>{ce02c1e9-5875-4a96-a984-caf07c36b8aa}</UniqueIdentifier>
    </Filter>
    <Filter Include="소스 파일\01.GameObject">
      <UniqueIdentifier>{6ce0bab1-6d75-40c5-a87b-02f2e9be2402}</UniqueIdentifier>
    </Filter>
    <Filter Include="소스 파일\02.Manager">
      <UniqueIdentifier>{afd09c66-190d-42d9-8a17-990df230c773}</UniqueIdentifier>
    </Filter>
    <Filter Include="소스 파일\03.Bitmap">
      <UniqueIdentifier>{f4615d73-925a-43db-be29-bc7310a20722}</UniqueIdentifier>
    </Filter>
    <Filter Include="소스 파일\03.Bitmap\Manager">
      <UniqueIdentifier>{b6439395-c6fd-45d4-afff-ce469c51b28c}</UniqueIdentifier>
    </Filter>
    <Filter Include="소스 파일\04.Line">
      <UniqueIdentifier>{97bf45ab-cd16-4010-827f-f39a425cc6e8}</UniqueIdentifier>
    </Filter>
    <Filter Include="소스 파일\05.Scene">
      <UniqueIdentifier>{a09ac772-6fc3-4388-b726-40162a2013a8}</UniqueIdentifier>
    </Filter>
    <Filter Include="소스 파일\05.Scene\Menu">
      <UniqueIdentifier>{73c0fc3d-9baf-4047-a6d4-cdb3a9fa0f81}</UniqueIdentifier>
    </Filter>
    <Filter Include="소스 파일\02.Manager\01.GameObject">
      <UniqueIdentifier>{c30f0257-5190-40c3-805e-0abe9fa24173}</UniqueIdentifier>
    </Filter>
    <Filter Include="소스 파일\02.Manager\02.Collision">
      <UniqueIdentifier>{f6c1e4e9-8518-45ce-b9e8-7c7cb2b50878}</UniqueIdentifier>
    </Filter>
    <Filter Include="소스 파일\02.Manager\03.Key">
      <UniqueIdentifier>{59d93d17-b798-405e-8281-ae54aae44eef}</UniqueIdentifier>
    </Filter>
    <Filter Include="소스 파일\01.GameObject\01.Player">
      <UniqueIdentifier>{f1034598-87b1-4e81-b90b-6b97139ff0ca}</UniqueIdentifier>
    </Filter>
    <Filter Include="소스 파일\01.GameObject\02.Monster">
      <UniqueIdentifier>{45e756ee-c396-44f8-9096-1a837ca93769}</UniqueIdentifier>
    </Filter>
    <Filter Include="소스 파일\01.GameObject\02.Monster\01.Mushroom">
      <UniqueIdentifier>{6053a31b-b610-4444-addc-d77f9e86527a}</UniqueIdentifier>
    </Filter>
    <Filter Include="소스 파일\01.GameObject\03.Skill">
      <UniqueIdentifier>{2f5f38a8-e359-4b37-a871-27ceec60a253}</UniqueIdentifier>
    </Filter>
    <Filter Include="소스 파일\01.GameObject\03.Skill\DoubleStab">
      <UniqueIdentifier>{3429fb3d-5cf6-4c5b-8def-f4ee90ffa602}</UniqueIdentifier>
    </Filter>
    <Filter Include="소스 파일\01.GameObject\03.Skill\DoubleJump">
      <UniqueIdentifier>{50ef6743-a27f-4813-9610-1ce10705635b}</UniqueIdentifier>
    </Filter>
    <Filter Include="소스 파일\01.GameObject\03.Skill\DaggerBooster">
      <UniqueIdentifier>{ecf73242-a587-496c-882a-b5d5dd61af96}</UniqueIdentifier>
    </Filter>
    <Filter Include="소스 파일\01.GameObject\03.Skill\SavageBlow">
      <UniqueIdentifier>{413a0e58-f8d0-4b80-92a6-3a85a00a7ef3}</UniqueIdentifier>
    </Filter>
    <Filter Include="소스 파일\01.GameObject\04.Portal">
      <UniqueIdentifier>{7191668a-e3b2-42a4-9d84-e0c70eaac4ac}</UniqueIdentifier>
    </Filter>
    <Filter Include="소스 파일\01.GameObject\05.Rope">
      <UniqueIdentifier>{d07ca558-ab26-4402-b850-89d1d6031916}</UniqueIdentifier>
    </Filter>
    <Filter Include="소스 파일\01.GameObject\00.GameObject">
      <UniqueIdentifier>{1d7c665e-a62c-4af0-8fbd-43f2c48f00db}</UniqueIdentifier>
    </Filter>
    <Filter Include="소스 파일\02.Manager\04.Line">
      <UniqueIdentifier>{ccf62eb8-6551-4ba3-84ea-34f2a92495d8}</UniqueIdentifier>
    </Filter>
    <Filter Include="소스 파일\02.Manager\05.Scroll">
      <UniqueIdentifier>{91d30710-f098-492d-9d9c-ae52a5c76212}</UniqueIdentifier>
    </Filter>
    <Filter Include="소스 파일\05.Scene\01.Kerning_City">
      <UniqueIdentifier>{5206a59a-9b0a-455c-99a3-7c02d8ba81a3}</UniqueIdentifier>
    </Filter>
    <Filter Include="소스 파일\02.Manager\06.Scene">
      <UniqueIdentifier>{34a99cdb-f5cc-444b-876a-50e5e32f650a}</UniqueIdentifier>
    </Filter>
    <Filter Include="소스 파일\02.Manager\07.Load">
      <UniqueIdentifier>{789b38ec-a556-4a09-aef0-43830068d2e3}</UniqueIdentifier>
    </Filter>
    <Filter Include="소스 파일\05.Scene\02.Map1">
      <UniqueIdentifier>{d25d0036-b699-48af-989f-ab3096b618ff}</UniqueIdentifier>
    </Filter>
    <Filter Include="소스 파일\05.Scene\00.Scene">
      <UniqueIdentifier>{3dde63cf-ae68-4044-86bf-3e3645b72223}</UniqueIdentifier>
    </Filter>
    <Filter Include="소스 파일\99.Etc">
      <UniqueIdentifier>{ea44c66d-5197-4bef-90bb-ba52bf8e3545}</UniqueIdentifier>
    </Filter>
    <Filter Include="소스 파일\01.GameObject\02.Monster\00.Monster">
      <UniqueIdentifier>{69002822-97c3-4bf1-9ff3-59b7e9ab9e91}</UniqueIdentifier>
    </Filter>
    <Filter Include="소스 파일\01.GameObject\03.Skill\00.Skill">
      <UniqueIdentifier>{9d615f7d-59f6-40c8-9288-660b0fa732a8}</UniqueIdentifier>
    </Filter>
    <Filter Include="소스 파일\01.GameObject\02.Monster\02.Octopus">
      <UniqueIdentifier>{be55c5aa-9e18-4804-956f-497640a3ad84}</UniqueIdentifier>
    </Filter>
    <Filter Include="소스 파일\01.GameObject\06.DamageSkin">
      <UniqueIdentifier>{c11a77c6-dd86-4a3f-9693-640e928970b3}</UniqueIdentifier>
    </Filter>
    <Filter Include="소스 파일\01.GameObject\07.Effect">
      <UniqueIdentifier>{649e25ba-ea67-423d-87b0-41895e3a90f5}</UniqueIdentifier>
    </Filter>
    <Filter Include="소스 파일\01.GameObject\08.Ui">
      <UniqueIdentifier>{79c8a8b9-5944-4d47-874a-684ef9f5ee28}</UniqueIdentifier>
    </Filter>
    <Filter Include="소스 파일\01.GameObject\08.Ui\00.Ui">
      <UniqueIdentifier>{4a008b8e-2ad7-4b9e-a762-73bb8288cb2a}</UniqueIdentifier>
    </Filter>
    <Filter Include="소스 파일\01.GameObject\08.Ui\01.Player_Ui">
      <UniqueIdentifier>{34185a9b-a120-4a46-809e-4f9344a50950}</UniqueIdentifier>
    </Filter>
    <Filter Include="소스 파일\01.GameObject\08.Ui\03.Inventory_Ui">
      <UniqueIdentifier>{ebd14b41-be49-4d2a-a33e-aecfaf9d97fe}</UniqueIdentifier>
    </Filter>
    <Filter Include="소스 파일\01.GameObject\08.Ui\02.Player_StatUi">
      <UniqueIdentifier>{1361f102-a26c-4965-aa8d-61422f6fe2f3}</UniqueIdentifier>
    </Filter>
    <Filter Include="소스 파일\01.GameObject\09.Item">
      <UniqueIdentifier>{e1f7d440-85d7-4991-b73e-0216957c3b35}</UniqueIdentifier>
    </Filter>
    <Filter Include="소스 파일\01.GameObject\09.Item\00.Item">
      <UniqueIdentifier>{af9c5396-53fb-49d6-84fd-a943901fe2c1}</UniqueIdentifier>
    </Filter>
    <Filter Include="소스 파일\01.GameObject\09.Item\01.Meso">
      <UniqueIdentifier>{0f59e362-acc7-41f0-820f-e4a956dec2b0}</UniqueIdentifier>
    </Filter>
    <Filter Include="소스 파일\01.GameObject\08.Ui\03.Inventory_Ui\Inventory_Button">
      <UniqueIdentifier>{739ee677-1ee1-4d92-b7f3-0b4d10a74fcb}</UniqueIdentifier>
    </Filter>
    <Filter Include="소스 파일\01.GameObject\08.Ui\03.Inventory_Ui\Inventory_Rect">
      <UniqueIdentifier>{fd6da224-8ee6-4177-a33f-663a871c9878}</UniqueIdentifier>
    </Filter>
    <Filter Include="소스 파일\01.GameObject\09.Item\02.Drop_Octopus">
      <UniqueIdentifier>{f13b2cd8-f1c2-4a0a-9722-0de269a285fc}</UniqueIdentifier>
    </Filter>
    <Filter Include="소스 파일\01.GameObject\09.Item\03.Drop_Mushroom">
      <UniqueIdentifier>{5349ec25-6dd9-4dd9-bb91-6b60a11a6e01}</UniqueIdentifier>
    </Filter>
    <Filter Include="소스 파일\01.GameObject\09.Item\04.Red_Potion">
      <UniqueIdentifier>{72bfa910-ddfc-4869-a82d-32c4086438a9}</UniqueIdentifier>
    </Filter>
    <Filter Include="소스 파일\01.GameObject\09.Item\05.White_Potion">
      <UniqueIdentifier>{6286a06e-4cb4-4c36-930b-d419cfe49105}</UniqueIdentifier>
    </Filter>
    <Filter Include="소스 파일\01.GameObject\09.Item\06.Power_Elixir">
      <UniqueIdentifier>{1347bda2-3b8b-4ebf-a21a-66e066952ed2}</UniqueIdentifier>
    </Filter>
    <Filter Include="소스 파일\05.Scene\03.BossMap">
      <UniqueIdentifier>{1cbd5188-2d9d-4604-9f9c-25942b1044fe}</UniqueIdentifier>
    </Filter>
    <Filter Include="소스 파일\01.GameObject\02.Monster\03.Boss">
      <UniqueIdentifier>{1cd1ca33-5edb-489a-8d7a-bf0093726246}</UniqueIdentifier>
    </Filter>
    <Filter Include="소스 파일\01.GameObject\02.Monster\03.Boss\00.Boss_Attack2_Ball">
      <UniqueIdentifier>{5e229ff8-1b5c-4005-803f-19f40a1faf0d}</UniqueIdentifier>
    </Filter>
  </ItemGroup>
  <ItemGroup>
    <Text Include="ReadMe.txt" />
  </ItemGroup>
  <ItemGroup>
    <ClInclude Include="stdafx.h">
      <Filter>헤더 파일</Filter>
    </ClInclude>
    <ClInclude Include="targetver.h">
      <Filter>헤더 파일</Filter>
    </ClInclude>
    <ClInclude Include="Resource.h">
      <Filter>헤더 파일</Filter>
    </ClInclude>
    <ClInclude Include="MapleStory.h">
      <Filter>헤더 파일</Filter>
    </ClInclude>
    <ClInclude Include="MainApp.h">
      <Filter>소스 파일\00.MainApp</Filter>
    </ClInclude>
    <ClInclude Include="MyBitmap.h">
      <Filter>소스 파일\03.Bitmap</Filter>
    </ClInclude>
    <ClInclude Include="Bitmap_Manager.h">
      <Filter>소스 파일\03.Bitmap\Manager</Filter>
    </ClInclude>
    <ClInclude Include="Player.h">
      <Filter>소스 파일\01.GameObject\01.Player</Filter>
    </ClInclude>
    <ClInclude Include="Line.h">
      <Filter>소스 파일\04.Line</Filter>
    </ClInclude>
    <ClInclude Include="LoadData.h">
      <Filter>소스 파일\02.Manager\07.Load</Filter>
    </ClInclude>
    <ClInclude Include="Key_Manager.h">
      <Filter>소스 파일\02.Manager\03.Key</Filter>
    </ClInclude>
    <ClInclude Include="Kerning_City.h">
      <Filter>소스 파일\05.Scene\01.Kerning_City</Filter>
    </ClInclude>
    <ClInclude Include="Scroll_Manager.h">
      <Filter>소스 파일\02.Manager\05.Scroll</Filter>
    </ClInclude>
    <ClInclude Include="Portal.h">
      <Filter>소스 파일\01.GameObject\04.Portal</Filter>
    </ClInclude>
    <ClInclude Include="Collision_Manager.h">
      <Filter>소스 파일\02.Manager\02.Collision</Filter>
    </ClInclude>
    <ClInclude Include="Field1.h">
      <Filter>소스 파일\05.Scene\02.Map1</Filter>
    </ClInclude>
    <ClInclude Include="Rope.h">
      <Filter>소스 파일\01.GameObject\05.Rope</Filter>
    </ClInclude>
    <ClInclude Include="DoubleStab.h">
      <Filter>소스 파일\01.GameObject\03.Skill\DoubleStab</Filter>
    </ClInclude>
    <ClInclude Include="DoubleJump.h">
      <Filter>소스 파일\01.GameObject\03.Skill\DoubleJump</Filter>
    </ClInclude>
    <ClInclude Include="DaggerBooster.h">
      <Filter>소스 파일\01.GameObject\03.Skill\DaggerBooster</Filter>
    </ClInclude>
    <ClInclude Include="SavageBlow.h">
      <Filter>소스 파일\01.GameObject\03.Skill\SavageBlow</Filter>
    </ClInclude>
    <ClInclude Include="Mushroom.h">
      <Filter>소스 파일\01.GameObject\02.Monster\01.Mushroom</Filter>
    </ClInclude>
    <ClInclude Include="GameObject_Manager.h">
      <Filter>소스 파일\02.Manager\01.GameObject</Filter>
    </ClInclude>
    <ClInclude Include="GameObject.h">
      <Filter>소스 파일\01.GameObject\00.GameObject</Filter>
    </ClInclude>
    <ClInclude Include="Line_Manager.h">
      <Filter>소스 파일\02.Manager\04.Line</Filter>
    </ClInclude>
    <ClInclude Include="Scene_Manager.h">
      <Filter>소스 파일\02.Manager\06.Scene</Filter>
    </ClInclude>
    <ClInclude Include="Scene.h">
      <Filter>소스 파일\05.Scene\00.Scene</Filter>
    </ClInclude>
    <ClInclude Include="Monster.h">
      <Filter>소스 파일\01.GameObject\02.Monster\00.Monster</Filter>
    </ClInclude>
    <ClInclude Include="Octopus.h">
      <Filter>소스 파일\01.GameObject\02.Monster\02.Octopus</Filter>
    </ClInclude>
    <ClInclude Include="DamageSkin.h">
      <Filter>소스 파일\01.GameObject\06.DamageSkin</Filter>
    </ClInclude>
    <ClInclude Include="CLevelUp.h">
      <Filter>소스 파일\01.GameObject\07.Effect</Filter>
    </ClInclude>
    <ClInclude Include="Ui.h">
      <Filter>소스 파일\01.GameObject\08.Ui\00.Ui</Filter>
    </ClInclude>
    <ClInclude Include="Player_Ui.h">
      <Filter>소스 파일\01.GameObject\08.Ui\01.Player_Ui</Filter>
    </ClInclude>
    <ClInclude Include="Player_StatUi.h">
      <Filter>소스 파일\01.GameObject\08.Ui\02.Player_StatUi</Filter>
    </ClInclude>
    <ClInclude Include="Inventory_Ui.h">
      <Filter>소스 파일\01.GameObject\08.Ui\03.Inventory_Ui</Filter>
    </ClInclude>
    <ClInclude Include="Item.h">
      <Filter>소스 파일\01.GameObject\09.Item\00.Item</Filter>
    </ClInclude>
    <ClInclude Include="Meso.h">
      <Filter>소스 파일\01.GameObject\09.Item\01.Meso</Filter>
    </ClInclude>
    <ClInclude Include="Inventory_Button.h">
      <Filter>소스 파일\01.GameObject\08.Ui\03.Inventory_Ui\Inventory_Button</Filter>
    </ClInclude>
    <ClInclude Include="Inventory_RectManager.h">
      <Filter>소스 파일\01.GameObject\08.Ui\03.Inventory_Ui\Inventory_Rect</Filter>
    </ClInclude>
    <ClInclude Include="Drop_Octopus.h">
      <Filter>소스 파일\01.GameObject\09.Item\02.Drop_Octopus</Filter>
    </ClInclude>
    <ClInclude Include="Drop_Mushroom.h">
      <Filter>소스 파일\01.GameObject\09.Item\03.Drop_Mushroom</Filter>
    </ClInclude>
    <ClInclude Include="Red_Potion.h">
      <Filter>소스 파일\01.GameObject\09.Item\04.Red_Potion</Filter>
    </ClInclude>
    <ClInclude Include="White_Potion.h">
      <Filter>소스 파일\01.GameObject\09.Item\05.White_Potion</Filter>
    </ClInclude>
    <ClInclude Include="Power_Elixir.h">
      <Filter>소스 파일\01.GameObject\09.Item\06.Power_Elixir</Filter>
    </ClInclude>
    <ClInclude Include="BossMap.h">
      <Filter>소스 파일\05.Scene\03.BossMap</Filter>
    </ClInclude>
    <ClInclude Include="Boss.h">
      <Filter>소스 파일\01.GameObject\02.Monster\03.Boss</Filter>
    </ClInclude>
    <ClInclude Include="Boss_Attack2_Ball.h">
      <Filter>소스 파일\01.GameObject\02.Monster\03.Boss\00.Boss_Attack2_Ball</Filter>
    </ClInclude>
    <ClInclude Include="Skill.h">
      <Filter>소스 파일\01.GameObject\03.Skill\00.Skill</Filter>
    </ClInclude>
  </ItemGroup>
  <ItemGroup>
    <ClCompile Include="MainApp.cpp">
      <Filter>소스 파일\00.MainApp</Filter>
    </ClCompile>
    <ClCompile Include="MyBitmap.cpp">
      <Filter>소스 파일\03.Bitmap</Filter>
    </ClCompile>
    <ClCompile Include="Bitmap_Manager.cpp">
      <Filter>소스 파일\03.Bitmap\Manager</Filter>
    </ClCompile>
    <ClCompile Include="Player.cpp">
      <Filter>소스 파일\01.GameObject\01.Player</Filter>
    </ClCompile>
    <ClCompile Include="Line.cpp">
      <Filter>소스 파일\04.Line</Filter>
    </ClCompile>
    <ClCompile Include="LoadData.cpp">
      <Filter>소스 파일\02.Manager\07.Load</Filter>
    </ClCompile>
    <ClCompile Include="Key_Manager.cpp">
      <Filter>소스 파일\02.Manager\03.Key</Filter>
    </ClCompile>
    <ClCompile Include="Kerning_City.cpp">
      <Filter>소스 파일\05.Scene\01.Kerning_City</Filter>
    </ClCompile>
    <ClCompile Include="Scroll_Manager.cpp">
      <Filter>소스 파일\02.Manager\05.Scroll</Filter>
    </ClCompile>
    <ClCompile Include="Portal.cpp">
      <Filter>소스 파일\01.GameObject\04.Portal</Filter>
    </ClCompile>
    <ClCompile Include="Collision_Manager.cpp">
      <Filter>소스 파일\02.Manager\02.Collision</Filter>
    </ClCompile>
    <ClCompile Include="Field1.cpp">
      <Filter>소스 파일\05.Scene\02.Map1</Filter>
    </ClCompile>
    <ClCompile Include="Rope.cpp">
      <Filter>소스 파일\01.GameObject\05.Rope</Filter>
    </ClCompile>
    <ClCompile Include="DoubleStab.cpp">
      <Filter>소스 파일\01.GameObject\03.Skill\DoubleStab</Filter>
    </ClCompile>
    <ClCompile Include="DoubleJump.cpp">
      <Filter>소스 파일\01.GameObject\03.Skill\DoubleJump</Filter>
    </ClCompile>
    <ClCompile Include="DaggerBooster.cpp">
      <Filter>소스 파일\01.GameObject\03.Skill\DaggerBooster</Filter>
    </ClCompile>
    <ClCompile Include="SavageBlow.cpp">
      <Filter>소스 파일\01.GameObject\03.Skill\SavageBlow</Filter>
    </ClCompile>
    <ClCompile Include="Mushroom.cpp">
      <Filter>소스 파일\01.GameObject\02.Monster\01.Mushroom</Filter>
    </ClCompile>
    <ClCompile Include="GameObject_Manager.cpp">
      <Filter>소스 파일\02.Manager\01.GameObject</Filter>
    </ClCompile>
    <ClCompile Include="GameObject.cpp">
      <Filter>소스 파일\01.GameObject\00.GameObject</Filter>
    </ClCompile>
    <ClCompile Include="Line_Manager.cpp">
      <Filter>소스 파일\02.Manager\04.Line</Filter>
    </ClCompile>
    <ClCompile Include="Scene_Manager.cpp">
      <Filter>소스 파일\02.Manager\06.Scene</Filter>
    </ClCompile>
    <ClCompile Include="Scene.cpp">
      <Filter>소스 파일\05.Scene\00.Scene</Filter>
    </ClCompile>
    <ClCompile Include="stdafx.cpp">
      <Filter>소스 파일\99.Etc</Filter>
    </ClCompile>
    <ClCompile Include="MapleStory.cpp">
      <Filter>소스 파일\99.Etc</Filter>
    </ClCompile>
    <ClCompile Include="Monster.cpp">
      <Filter>소스 파일\01.GameObject\02.Monster\00.Monster</Filter>
    </ClCompile>
    <ClCompile Include="Skill.cpp">
      <Filter>소스 파일\01.GameObject\03.Skill\00.Skill</Filter>
    </ClCompile>
    <ClCompile Include="Octopus.cpp">
      <Filter>소스 파일\01.GameObject\02.Monster\02.Octopus</Filter>
    </ClCompile>
    <ClCompile Include="DamageSkin.cpp">
      <Filter>소스 파일\01.GameObject\06.DamageSkin</Filter>
    </ClCompile>
    <ClCompile Include="CLevelUp.cpp">
      <Filter>소스 파일\01.GameObject\07.Effect</Filter>
    </ClCompile>
    <ClCompile Include="Ui.cpp">
      <Filter>소스 파일\01.GameObject\08.Ui\00.Ui</Filter>
    </ClCompile>
    <ClCompile Include="Player_Ui.cpp">
      <Filter>소스 파일\01.GameObject\08.Ui\01.Player_Ui</Filter>
    </ClCompile>
    <ClCompile Include="Player_StatUi.cpp">
      <Filter>소스 파일\01.GameObject\08.Ui\02.Player_StatUi</Filter>
    </ClCompile>
    <ClCompile Include="Inventory_Ui.cpp">
      <Filter>소스 파일\01.GameObject\08.Ui\03.Inventory_Ui</Filter>
    </ClCompile>
    <ClCompile Include="Item.cpp">
      <Filter>소스 파일\01.GameObject\09.Item\00.Item</Filter>
    </ClCompile>
    <ClCompile Include="Meso.cpp">
      <Filter>소스 파일\01.GameObject\09.Item\01.Meso</Filter>
    </ClCompile>
    <ClCompile Include="Inventory_Button.cpp">
      <Filter>소스 파일\01.GameObject\08.Ui\03.Inventory_Ui\Inventory_Button</Filter>
    </ClCompile>
    <ClCompile Include="Inventory_RectManager.cpp">
      <Filter>소스 파일\01.GameObject\08.Ui\03.Inventory_Ui\Inventory_Rect</Filter>
    </ClCompile>
    <ClCompile Include="Drop_Octopus.cpp">
      <Filter>소스 파일\01.GameObject\09.Item\02.Drop_Octopus</Filter>
    </ClCompile>
    <ClCompile Include="Drop_Mushroom.cpp">
      <Filter>소스 파일\01.GameObject\09.Item\03.Drop_Mushroom</Filter>
    </ClCompile>
    <ClCompile Include="Red_Potion.cpp">
      <Filter>소스 파일\01.GameObject\09.Item\04.Red_Potion</Filter>
    </ClCompile>
    <ClCompile Include="White_Potion.cpp">
      <Filter>소스 파일\01.GameObject\09.Item\05.White_Potion</Filter>
    </ClCompile>
    <ClCompile Include="Power_Elixir.cpp">
      <Filter>소스 파일\01.GameObject\09.Item\06.Power_Elixir</Filter>
    </ClCompile>
    <ClCompile Include="BossMap.cpp">
      <Filter>소스 파일\05.Scene\03.BossMap</Filter>
    </ClCompile>
    <ClCompile Include="Boss.cpp">
      <Filter>소스 파일\01.GameObject\02.Monster\03.Boss</Filter>
    </ClCompile>
    <ClCompile Include="Boss_Attack2_Ball.cpp">
      <Filter>소스 파일\01.GameObject\02.Monster\03.Boss\00.Boss_Attack2_Ball</Filter>
    </ClCompile>
  </ItemGroup>
  <ItemGroup>
    <ResourceCompile Include="MapleStory.rc">
      <Filter>리소스 파일</Filter>
    </ResourceCompile>
  </ItemGroup>
  <ItemGroup>
    <Image Include="small.ico">
      <Filter>리소스 파일</Filter>
    </Image>
    <Image Include="MapleStory.ico">
      <Filter>리소스 파일</Filter>
    </Image>
  </ItemGroup>
</Project>